// !$*UTF8*$!
{
	archiveVersion = 1;
	classes = {
	};
	objectVersion = 77;
	objects = {

/* Begin PBXBuildFile section */
		C0176BDB2EBCE2170082C870 /* FirebaseAuth in Frameworks */ = {isa = PBXBuildFile; productRef = C0176BDA2EBCE2170082C870 /* FirebaseAuth */; };
		C0176BDD2EBCE2170082C870 /* FirebaseFirestore in Frameworks */ = {isa = PBXBuildFile; productRef = C0176BDC2EBCE2170082C870 /* FirebaseFirestore */; };
		C0176BDF2EBCE2170082C870 /* FirebaseFunctions in Frameworks */ = {isa = PBXBuildFile; productRef = C0176BDE2EBCE2170082C870 /* FirebaseFunctions */; };
		C0176BE12EBCE2170082C870 /* FirebaseMessaging in Frameworks */ = {isa = PBXBuildFile; productRef = C0176BE02EBCE2170082C870 /* FirebaseMessaging */; };
		C0176BE32EBCE2170082C870 /* FirebaseStorage in Frameworks */ = {isa = PBXBuildFile; productRef = C0176BE22EBCE2170082C870 /* FirebaseStorage */; };
		C0176BE62EBCE2480082C870 /* StripePaymentSheet in Frameworks */ = {isa = PBXBuildFile; productRef = C0176BE52EBCE2480082C870 /* StripePaymentSheet */; };
		C048B7B62EC380FD00A36538 /* GoogleSignInSwift in Frameworks */ = {isa = PBXBuildFile; productRef = C048B7B52EC380FD00A36538 /* GoogleSignInSwift */; };
		C048B7D22EC62DA300A36538 /* GoogleSignIn in Frameworks */ = {isa = PBXBuildFile; productRef = C048B7D12EC62DA300A36538 /* GoogleSignIn */; };
		C048B7D52EC637AE00A36538 /* FacebookCore in Frameworks */ = {isa = PBXBuildFile; productRef = C048B7D42EC637AE00A36538 /* FacebookCore */; };
		C048B7D72EC637AE00A36538 /* FacebookLogin in Frameworks */ = {isa = PBXBuildFile; productRef = C048B7D62EC637AE00A36538 /* FacebookLogin */; };
/* End PBXBuildFile section */

/* Begin PBXContainerItemProxy section */
		C032C6A32EFE4C5D009A0C91 /* PBXContainerItemProxy */ = {
			isa = PBXContainerItemProxy;
			containerPortal = C0D167242EBB9E8600C9307F /* Project object */;
			proxyType = 1;
			remoteGlobalIDString = C0D1672B2EBB9E8600C9307F;
			remoteInfo = ZELLA;
		};
/* End PBXContainerItemProxy section */

/* Begin PBXFileReference section */
		C032C69F2EFE4C5D009A0C91 /* ZELLATests.xctest */ = {isa = PBXFileReference; explicitFileType = wrapper.cfbundle; includeInIndex = 0; path = ZELLATests.xctest; sourceTree = BUILT_PRODUCTS_DIR; };
		C0D1672C2EBB9E8600C9307F /* ZELLA.app */ = {isa = PBXFileReference; explicitFileType = wrapper.application; includeInIndex = 0; path = ZELLA.app; sourceTree = BUILT_PRODUCTS_DIR; };
/* End PBXFileReference section */

/* Begin PBXFileSystemSynchronizedBuildFileExceptionSet section */
		C0176BED2EBCECDA0082C870 /* Exceptions for "ZELLA" folder in "ZELLA" target */ = {
			isa = PBXFileSystemSynchronizedBuildFileExceptionSet;
			membershipExceptions = (
				"GoogleService-Info-Dev.plist",
				"GoogleService-Info-Prod.plist",
				Info.plist,
			);
			target = C0D1672B2EBB9E8600C9307F /* ZELLA */;
		};
/* End PBXFileSystemSynchronizedBuildFileExceptionSet section */

/* Begin PBXFileSystemSynchronizedRootGroup section */
		C032C6A02EFE4C5D009A0C91 /* ZELLATests */ = {
			isa = PBXFileSystemSynchronizedRootGroup;
			path = ZELLATests;
			sourceTree = "<group>";
		};
		C0D1672E2EBB9E8600C9307F /* ZELLA */ = {
			isa = PBXFileSystemSynchronizedRootGroup;
			exceptions = (
				C0176BED2EBCECDA0082C870 /* Exceptions for "ZELLA" folder in "ZELLA" target */,
			);
			path = ZELLA;
			sourceTree = "<group>";
		};
/* End PBXFileSystemSynchronizedRootGroup section */

/* Begin PBXFrameworksBuildPhase section */
		C032C69C2EFE4C5D009A0C91 /* Frameworks */ = {
			isa = PBXFrameworksBuildPhase;
			buildActionMask = 2147483647;
			files = (
			);
			runOnlyForDeploymentPostprocessing = 0;
		};
		C0D167292EBB9E8600C9307F /* Frameworks */ = {
			isa = PBXFrameworksBuildPhase;
			buildActionMask = 2147483647;
			files = (
				C048B7D72EC637AE00A36538 /* FacebookLogin in Frameworks */,
				C0176BE12EBCE2170082C870 /* FirebaseMessaging in Frameworks */,
				C048B7D22EC62DA300A36538 /* GoogleSignIn in Frameworks */,
				C0176BDF2EBCE2170082C870 /* FirebaseFunctions in Frameworks */,
				C048B7B62EC380FD00A36538 /* GoogleSignInSwift in Frameworks */,
				C0176BDB2EBCE2170082C870 /* FirebaseAuth in Frameworks */,
				C0176BE32EBCE2170082C870 /* FirebaseStorage in Frameworks */,
				C0176BE62EBCE2480082C870 /* StripePaymentSheet in Frameworks */,
				C048B7D52EC637AE00A36538 /* FacebookCore in Frameworks */,
				C0176BDD2EBCE2170082C870 /* FirebaseFirestore in Frameworks */,
			);
			runOnlyForDeploymentPostprocessing = 0;
		};
/* End PBXFrameworksBuildPhase section */

/* Begin PBXGroup section */
		C0D167232EBB9E8600C9307F = {
			isa = PBXGroup;
			children = (
				C0D1672E2EBB9E8600C9307F /* ZELLA */,
				C032C6A02EFE4C5D009A0C91 /* ZELLATests */,
				C0D1672D2EBB9E8600C9307F /* Products */,
			);
			sourceTree = "<group>";
		};
		C0D1672D2EBB9E8600C9307F /* Products */ = {
			isa = PBXGroup;
			children = (
				C0D1672C2EBB9E8600C9307F /* ZELLA.app */,
				C032C69F2EFE4C5D009A0C91 /* ZELLATests.xctest */,
			);
			name = Products;
			sourceTree = "<group>";
		};
/* End PBXGroup section */

/* Begin PBXNativeTarget section */
		C032C69E2EFE4C5D009A0C91 /* ZELLATests */ = {
			isa = PBXNativeTarget;
			buildConfigurationList = C032C6A72EFE4C5D009A0C91 /* Build configuration list for PBXNativeTarget "ZELLATests" */;
			buildPhases = (
				C032C69B2EFE4C5D009A0C91 /* Sources */,
				C032C69C2EFE4C5D009A0C91 /* Frameworks */,
				C032C69D2EFE4C5D009A0C91 /* Resources */,
			);
			buildRules = (
			);
			dependencies = (
				C032C6A42EFE4C5D009A0C91 /* PBXTargetDependency */,
			);
			fileSystemSynchronizedGroups = (
				C032C6A02EFE4C5D009A0C91 /* ZELLATests */,
			);
			name = ZELLATests;
			packageProductDependencies = (
			);
			productName = ZELLATests;
			productReference = C032C69F2EFE4C5D009A0C91 /* ZELLATests.xctest */;
			productType = "com.apple.product-type.bundle.unit-test";
		};
		C0D1672B2EBB9E8600C9307F /* ZELLA */ = {
			isa = PBXNativeTarget;
			buildConfigurationList = C0D167372EBB9E8900C9307F /* Build configuration list for PBXNativeTarget "ZELLA" */;
			buildPhases = (
				C0D167282EBB9E8600C9307F /* Sources */,
				C0D167292EBB9E8600C9307F /* Frameworks */,
				C0176BEE2EBCED1B0082C870 /* Firebase Config */,
				C0D1672A2EBB9E8600C9307F /* Resources */,
			);
			buildRules = (
			);
			dependencies = (
			);
			fileSystemSynchronizedGroups = (
				C0D1672E2EBB9E8600C9307F /* ZELLA */,
			);
			name = ZELLA;
			packageProductDependencies = (
				C0176BDA2EBCE2170082C870 /* FirebaseAuth */,
				C0176BDC2EBCE2170082C870 /* FirebaseFirestore */,
				C0176BDE2EBCE2170082C870 /* FirebaseFunctions */,
				C0176BE02EBCE2170082C870 /* FirebaseMessaging */,
				C0176BE22EBCE2170082C870 /* FirebaseStorage */,
				C0176BE52EBCE2480082C870 /* StripePaymentSheet */,
				C048B7B52EC380FD00A36538 /* GoogleSignInSwift */,
				C048B7D12EC62DA300A36538 /* GoogleSignIn */,
				C048B7D42EC637AE00A36538 /* FacebookCore */,
				C048B7D62EC637AE00A36538 /* FacebookLogin */,
			);
			productName = ZELLA;
			productReference = C0D1672C2EBB9E8600C9307F /* ZELLA.app */;
			productType = "com.apple.product-type.application";
		};
/* End PBXNativeTarget section */

/* Begin PBXProject section */
		C0D167242EBB9E8600C9307F /* Project object */ = {
			isa = PBXProject;
			attributes = {
				BuildIndependentTargetsInParallel = 1;
				LastSwiftUpdateCheck = 2620;
				LastUpgradeCheck = 2610;
				TargetAttributes = {
					C032C69E2EFE4C5D009A0C91 = {
						CreatedOnToolsVersion = 26.2;
						TestTargetID = C0D1672B2EBB9E8600C9307F;
					};
					C0D1672B2EBB9E8600C9307F = {
						CreatedOnToolsVersion = 26.1;
					};
				};
			};
			buildConfigurationList = C0D167272EBB9E8600C9307F /* Build configuration list for PBXProject "ZELLA" */;
			developmentRegion = en;
			hasScannedForEncodings = 0;
			knownRegions = (
				en,
				Base,
			);
			mainGroup = C0D167232EBB9E8600C9307F;
			minimizedProjectReferenceProxies = 1;
			packageReferences = (
				C0176BD92EBCE2170082C870 /* XCRemoteSwiftPackageReference "firebase-ios-sdk" */,
				C0176BE42EBCE2480082C870 /* XCRemoteSwiftPackageReference "stripe-ios" */,
				C048B7B42EC380FD00A36538 /* XCRemoteSwiftPackageReference "GoogleSignIn-iOS" */,
				C048B7D32EC637AE00A36538 /* XCRemoteSwiftPackageReference "facebook-ios-sdk" */,
			);
			preferredProjectObjectVersion = 77;
			productRefGroup = C0D1672D2EBB9E8600C9307F /* Products */;
			projectDirPath = "";
			projectRoot = "";
			targets = (
				C0D1672B2EBB9E8600C9307F /* ZELLA */,
				C032C69E2EFE4C5D009A0C91 /* ZELLATests */,
			);
		};
/* End PBXProject section */

/* Begin PBXResourcesBuildPhase section */
		C032C69D2EFE4C5D009A0C91 /* Resources */ = {
			isa = PBXResourcesBuildPhase;
			buildActionMask = 2147483647;
			files = (
			);
			runOnlyForDeploymentPostprocessing = 0;
		};
		C0D1672A2EBB9E8600C9307F /* Resources */ = {
			isa = PBXResourcesBuildPhase;
			buildActionMask = 2147483647;
			files = (
			);
			runOnlyForDeploymentPostprocessing = 0;
		};
/* End PBXResourcesBuildPhase section */

/* Begin PBXShellScriptBuildPhase section */
		C0176BEE2EBCED1B0082C870 /* Firebase Config */ = {
			isa = PBXShellScriptBuildPhase;
			buildActionMask = 2147483647;
			files = (
			);
			inputFileListPaths = (
			);
			inputPaths = (
				"$(PROJECT_DIR)/$(PRODUCT_NAME)/GoogleService-Info-Prod.plist",
				"$(PROJECT_DIR)/$(PRODUCT_NAME)/GoogleService-Info-Dev.plist",
			);
			name = "Firebase Config";
			outputFileListPaths = (
			);
			outputPaths = (
				"$(BUILT_PRODUCTS_DIR)/$(PRODUCT_NAME).app/GoogleService-Info.plist",
			);
			runOnlyForDeploymentPostprocessing = 0;
			shellPath = /bin/sh;
			shellScript = "# Copy the correct GoogleService-Info.plist based on configuration\n# Use CONFIGURATION or CONFIGURATION_BUILD_DIR to determine environment\n\nCONFIG_NAME=\"${CONFIGURATION}\"\necho \"🔧 Build Configuration: ${CONFIG_NAME}\"\n\nif [ \"${CONFIG_NAME}\" == \"Debug\" ]; then\n    echo \"✅ Using Dev Firebase configuration\"\n    cp \"${PROJECT_DIR}/${PRODUCT_NAME}/GoogleService-Info-Dev.plist\" \"${BUILT_PRODUCTS_DIR}/${PRODUCT_NAME}.app/GoogleService-Info.plist\"\n    echo \"✅ Copied: GoogleService-Info-Dev.plist\"\nelse\n    echo \"✅ Using Prod Firebase configuration\"\n    cp \"${PROJECT_DIR}/${PRODUCT_NAME}/GoogleService-Info-Prod.plist\" \"${BUILT_PRODUCTS_DIR}/${PRODUCT_NAME}.app/GoogleService-Info.plist\"\n    echo \"✅ Copied: GoogleService-Info-Prod.plist\"\nfi\n\n# Verify the copy\nif [ -f \"${BUILT_PRODUCTS_DIR}/${PRODUCT_NAME}.app/GoogleService-Info.plist\" ]; then\n    echo \"✅ GoogleService-Info.plist exists in app bundle\"\n    # Print PROJECT_ID to verify\n    PROJECT_ID=$(/usr/libexec/PlistBuddy -c \"Print :PROJECT_ID\" \"${BUILT_PRODUCTS_DIR}/${PRODUCT_NAME}.app/GoogleService-Info.plist\" 2>/dev/null || echo \"Not found\")\n    echo \"✅ Firebase PROJECT_ID: ${PROJECT_ID}\"\nelse\n    echo \"❌ ERROR: GoogleService-Info.plist not found!\"\n    exit 1\nfi\n";
		};
/* End PBXShellScriptBuildPhase section */

/* Begin PBXSourcesBuildPhase section */
		C032C69B2EFE4C5D009A0C91 /* Sources */ = {
			isa = PBXSourcesBuildPhase;
			buildActionMask = 2147483647;
			files = (
			);
			runOnlyForDeploymentPostprocessing = 0;
		};
		C0D167282EBB9E8600C9307F /* Sources */ = {
			isa = PBXSourcesBuildPhase;
			buildActionMask = 2147483647;
			files = (
			);
			runOnlyForDeploymentPostprocessing = 0;
		};
/* End PBXSourcesBuildPhase section */

/* Begin PBXTargetDependency section */
		C032C6A42EFE4C5D009A0C91 /* PBXTargetDependency */ = {
			isa = PBXTargetDependency;
			target = C0D1672B2EBB9E8600C9307F /* ZELLA */;
			targetProxy = C032C6A32EFE4C5D009A0C91 /* PBXContainerItemProxy */;
		};
/* End PBXTargetDependency section */

/* Begin XCBuildConfiguration section */
		C032C6A52EFE4C5D009A0C91 /* Debug */ = {
			isa = XCBuildConfiguration;
			buildSettings = {
				BUNDLE_LOADER = "$(TEST_HOST)";
				CODE_SIGN_STYLE = Automatic;
				CURRENT_PROJECT_VERSION = 1;
				DEVELOPMENT_TEAM = 45C3927649;
				GENERATE_INFOPLIST_FILE = YES;
				IPHONEOS_DEPLOYMENT_TARGET = 26.2;
				MARKETING_VERSION = 1.0;
				PRODUCT_BUNDLE_IDENTIFIER = com.boopannachai.ZELLATests;
				PRODUCT_NAME = "$(TARGET_NAME)";
				STRING_CATALOG_GENERATE_SYMBOLS = NO;
				SWIFT_APPROACHABLE_CONCURRENCY = YES;
				SWIFT_EMIT_LOC_STRINGS = NO;
				SWIFT_UPCOMING_FEATURE_MEMBER_IMPORT_VISIBILITY = YES;
				SWIFT_VERSION = 5.0;
				TARGETED_DEVICE_FAMILY = "1,2";
				TEST_HOST = "$(BUILT_PRODUCTS_DIR)/ZELLA.app/$(BUNDLE_EXECUTABLE_FOLDER_PATH)/ZELLA";
			};
			name = Debug;
		};
		C032C6A62EFE4C5D009A0C91 /* Release */ = {
			isa = XCBuildConfiguration;
			buildSettings = {
				BUNDLE_LOADER = "$(TEST_HOST)";
				CODE_SIGN_STYLE = Automatic;
				CURRENT_PROJECT_VERSION = 1;
				DEVELOPMENT_TEAM = 45C3927649;
				GENERATE_INFOPLIST_FILE = YES;
				IPHONEOS_DEPLOYMENT_TARGET = 26.2;
				MARKETING_VERSION = 1.0;
				PRODUCT_BUNDLE_IDENTIFIER = com.boopannachai.ZELLATests;
				PRODUCT_NAME = "$(TARGET_NAME)";
				STRING_CATALOG_GENERATE_SYMBOLS = NO;
				SWIFT_APPROACHABLE_CONCURRENCY = YES;
				SWIFT_EMIT_LOC_STRINGS = NO;
				SWIFT_UPCOMING_FEATURE_MEMBER_IMPORT_VISIBILITY = YES;
				SWIFT_VERSION = 5.0;
				TARGETED_DEVICE_FAMILY = "1,2";
				TEST_HOST = "$(BUILT_PRODUCTS_DIR)/ZELLA.app/$(BUNDLE_EXECUTABLE_FOLDER_PATH)/ZELLA";
			};
			name = Release;
		};
		C0D167352EBB9E8900C9307F /* Debug */ = {
			isa = XCBuildConfiguration;
			baseConfigurationReferenceAnchor = C0D1672E2EBB9E8600C9307F /* ZELLA */;
			baseConfigurationReferenceRelativePath = Config/Config.Dev.xcconfig;
			buildSettings = {
				ALWAYS_SEARCH_USER_PATHS = NO;
				ASSETCATALOG_COMPILER_GENERATE_SWIFT_ASSET_SYMBOL_EXTENSIONS = YES;
				CLANG_ANALYZER_NONNULL = YES;
				CLANG_ANALYZER_NUMBER_OBJECT_CONVERSION = YES_AGGRESSIVE;
				CLANG_CXX_LANGUAGE_STANDARD = "gnu++20";
				CLANG_ENABLE_MODULES = YES;
				CLANG_ENABLE_OBJC_ARC = YES;
				CLANG_ENABLE_OBJC_WEAK = YES;
				CLANG_WARN_BLOCK_CAPTURE_AUTORELEASING = YES;
				CLANG_WARN_BOOL_CONVERSION = YES;
				CLANG_WARN_COMMA = YES;
				CLANG_WARN_CONSTANT_CONVERSION = YES;
				CLANG_WARN_DEPRECATED_OBJC_IMPLEMENTATIONS = YES;
				CLANG_WARN_DIRECT_OBJC_ISA_USAGE = YES_ERROR;
				CLANG_WARN_DOCUMENTATION_COMMENTS = YES;
				CLANG_WARN_EMPTY_BODY = YES;
				CLANG_WARN_ENUM_CONVERSION = YES;
				CLANG_WARN_INFINITE_RECURSION = YES;
				CLANG_WARN_INT_CONVERSION = YES;
				CLANG_WARN_NON_LITERAL_NULL_CONVERSION = YES;
				CLANG_WARN_OBJC_IMPLICIT_RETAIN_SELF = YES;
				CLANG_WARN_OBJC_LITERAL_CONVERSION = YES;
				CLANG_WARN_OBJC_ROOT_CLASS = YES_ERROR;
				CLANG_WARN_QUOTED_INCLUDE_IN_FRAMEWORK_HEADER = YES;
				CLANG_WARN_RANGE_LOOP_ANALYSIS = YES;
				CLANG_WARN_STRICT_PROTOTYPES = YES;
				CLANG_WARN_SUSPICIOUS_MOVE = YES;
				CLANG_WARN_UNGUARDED_AVAILABILITY = YES_AGGRESSIVE;
				CLANG_WARN_UNREACHABLE_CODE = YES;
				CLANG_WARN__DUPLICATE_METHOD_MATCH = YES;
				COPY_PHASE_STRIP = NO;
				DEBUG_INFORMATION_FORMAT = dwarf;
				DEVELOPMENT_TEAM = 45C3927649;
				ENABLE_STRICT_OBJC_MSGSEND = YES;
				ENABLE_TESTABILITY = YES;
				ENABLE_USER_SCRIPT_SANDBOXING = YES;
				GCC_C_LANGUAGE_STANDARD = gnu17;
				GCC_DYNAMIC_NO_PIC = NO;
				GCC_NO_COMMON_BLOCKS = YES;
				GCC_OPTIMIZATION_LEVEL = 0;
				GCC_PREPROCESSOR_DEFINITIONS = (
					"DEBUG=1",
					"$(inherited)",
				);
				GCC_WARN_64_TO_32_BIT_CONVERSION = YES;
				GCC_WARN_ABOUT_RETURN_TYPE = YES_ERROR;
				GCC_WARN_UNDECLARED_SELECTOR = YES;
				GCC_WARN_UNINITIALIZED_AUTOS = YES_AGGRESSIVE;
				GCC_WARN_UNUSED_FUNCTION = YES;
				GCC_WARN_UNUSED_VARIABLE = YES;
				IPHONEOS_DEPLOYMENT_TARGET = 26.1;
				LOCALIZATION_PREFERS_STRING_CATALOGS = YES;
				MTL_ENABLE_DEBUG_INFO = INCLUDE_SOURCE;
				MTL_FAST_MATH = YES;
				ONLY_ACTIVE_ARCH = YES;
				SDKROOT = iphoneos;
				SWIFT_ACTIVE_COMPILATION_CONDITIONS = "DEBUG $(inherited)";
				SWIFT_OPTIMIZATION_LEVEL = "-Onone";
			};
			name = Debug;
		};
		C0D167362EBB9E8900C9307F /* Release */ = {
			isa = XCBuildConfiguration;
			baseConfigurationReferenceAnchor = C0D1672E2EBB9E8600C9307F /* ZELLA */;
			baseConfigurationReferenceRelativePath = Config/Config.Prod.xcconfig;
			buildSettings = {
				ALWAYS_SEARCH_USER_PATHS = NO;
				ASSETCATALOG_COMPILER_GENERATE_SWIFT_ASSET_SYMBOL_EXTENSIONS = YES;
				CLANG_ANALYZER_NONNULL = YES;
				CLANG_ANALYZER_NUMBER_OBJECT_CONVERSION = YES_AGGRESSIVE;
				CLANG_CXX_LANGUAGE_STANDARD = "gnu++20";
				CLANG_ENABLE_MODULES = YES;
				CLANG_ENABLE_OBJC_ARC = YES;
				CLANG_ENABLE_OBJC_WEAK = YES;
				CLANG_WARN_BLOCK_CAPTURE_AUTORELEASING = YES;
				CLANG_WARN_BOOL_CONVERSION = YES;
				CLANG_WARN_COMMA = YES;
				CLANG_WARN_CONSTANT_CONVERSION = YES;
				CLANG_WARN_DEPRECATED_OBJC_IMPLEMENTATIONS = YES;
				CLANG_WARN_DIRECT_OBJC_ISA_USAGE = YES_ERROR;
				CLANG_WARN_DOCUMENTATION_COMMENTS = YES;
				CLANG_WARN_EMPTY_BODY = YES;
				CLANG_WARN_ENUM_CONVERSION = YES;
				CLANG_WARN_INFINITE_RECURSION = YES;
				CLANG_WARN_INT_CONVERSION = YES;
				CLANG_WARN_NON_LITERAL_NULL_CONVERSION = YES;
				CLANG_WARN_OBJC_IMPLICIT_RETAIN_SELF = YES;
				CLANG_WARN_OBJC_LITERAL_CONVERSION = YES;
				CLANG_WARN_OBJC_ROOT_CLASS = YES_ERROR;
				CLANG_WARN_QUOTED_INCLUDE_IN_FRAMEWORK_HEADER = YES;
				CLANG_WARN_RANGE_LOOP_ANALYSIS = YES;
				CLANG_WARN_STRICT_PROTOTYPES = YES;
				CLANG_WARN_SUSPICIOUS_MOVE = YES;
				CLANG_WARN_UNGUARDED_AVAILABILITY = YES_AGGRESSIVE;
				CLANG_WARN_UNREACHABLE_CODE = YES;
				CLANG_WARN__DUPLICATE_METHOD_MATCH = YES;
				COPY_PHASE_STRIP = NO;
				DEBUG_INFORMATION_FORMAT = "dwarf-with-dsym";
				DEVELOPMENT_TEAM = 45C3927649;
				ENABLE_NS_ASSERTIONS = NO;
				ENABLE_STRICT_OBJC_MSGSEND = YES;
				ENABLE_USER_SCRIPT_SANDBOXING = YES;
				GCC_C_LANGUAGE_STANDARD = gnu17;
				GCC_NO_COMMON_BLOCKS = YES;
				GCC_WARN_64_TO_32_BIT_CONVERSION = YES;
				GCC_WARN_ABOUT_RETURN_TYPE = YES_ERROR;
				GCC_WARN_UNDECLARED_SELECTOR = YES;
				GCC_WARN_UNINITIALIZED_AUTOS = YES_AGGRESSIVE;
				GCC_WARN_UNUSED_FUNCTION = YES;
				GCC_WARN_UNUSED_VARIABLE = YES;
				IPHONEOS_DEPLOYMENT_TARGET = 26.1;
				LOCALIZATION_PREFERS_STRING_CATALOGS = YES;
				MTL_ENABLE_DEBUG_INFO = NO;
				MTL_FAST_MATH = YES;
				SDKROOT = iphoneos;
				SWIFT_COMPILATION_MODE = wholemodule;
				VALIDATE_PRODUCT = YES;
			};
			name = Release;
		};
		C0D167382EBB9E8900C9307F /* Debug */ = {
			isa = XCBuildConfiguration;
			buildSettings = {
				APP_DISPLAY_NAME = "ZELLA DEV";
				ASSETCATALOG_COMPILER_APPICON_NAME = AppIcon;
				ASSETCATALOG_COMPILER_GLOBAL_ACCENT_COLOR_NAME = AccentColor;
				CODE_SIGN_ENTITLEMENTS = ZELLA/ZELLA.entitlements;
				CODE_SIGN_STYLE = Automatic;
				CURRENT_PROJECT_VERSION = 1;
				DEVELOPMENT_TEAM = 45C3927649;
				ENABLE_PREVIEWS = YES;
				GENERATE_INFOPLIST_FILE = YES;
				INFOPLIST_FILE = ZELLA/Info.plist;
				INFOPLIST_KEY_CFBundleDisplayName = "$(APP_DISPLAY_NAME)";
				INFOPLIST_KEY_LSApplicationCategoryType = "public.app-category.shopping";
				INFOPLIST_KEY_UIApplicationSceneManifest_Generation = YES;
				INFOPLIST_KEY_UIApplicationSupportsIndirectInputEvents = YES;
				INFOPLIST_KEY_UILaunchScreen_Generation = YES;
				INFOPLIST_KEY_UILaunchStoryboardName = LaunchScreen;
				INFOPLIST_KEY_UISupportedInterfaceOrientations_iPad = "UIInterfaceOrientationPortrait UIInterfaceOrientationPortraitUpsideDown UIInterfaceOrientationLandscapeLeft UIInterfaceOrientationLandscapeRight";
				INFOPLIST_KEY_UISupportedInterfaceOrientations_iPhone = UIInterfaceOrientationPortrait;
				IPHONEOS_DEPLOYMENT_TARGET = 17.0;
				LD_RUNPATH_SEARCH_PATHS = (
					"$(inherited)",
					"@executable_path/Frameworks",
				);
				MARKETING_VERSION = 1.0;
				PRODUCT_BUNDLE_IDENTIFIER = com.boopannachai.zella.dev;
				PRODUCT_NAME = "$(TARGET_NAME)";
				STRING_CATALOG_GENERATE_SYMBOLS = YES;
				SWIFT_APPROACHABLE_CONCURRENCY = YES;
				SWIFT_DEFAULT_ACTOR_ISOLATION = MainActor;
				SWIFT_EMIT_LOC_STRINGS = YES;
				SWIFT_UPCOMING_FEATURE_MEMBER_IMPORT_VISIBILITY = YES;
				SWIFT_VERSION = 5.0;
				TARGETED_DEVICE_FAMILY = "1,2";
			};
			name = Debug;
		};
		C0D167392EBB9E8900C9307F /* Release */ = {
			isa = XCBuildConfiguration;
			buildSettings = {
				APP_DISPLAY_NAME = ZELLA;
				ASSETCATALOG_COMPILER_APPICON_NAME = AppIcon;
				ASSETCATALOG_COMPILER_GLOBAL_ACCENT_COLOR_NAME = AccentColor;
				CODE_SIGN_ENTITLEMENTS = ZELLA/ZELLA.entitlements;
				CODE_SIGN_STYLE = Automatic;
				CURRENT_PROJECT_VERSION = 1;
				DEVELOPMENT_TEAM = 45C3927649;
				ENABLE_PREVIEWS = YES;
				GENERATE_INFOPLIST_FILE = YES;
				INFOPLIST_FILE = ZELLA/Info.plist;
				INFOPLIST_KEY_CFBundleDisplayName = "$(APP_DISPLAY_NAME)";
				INFOPLIST_KEY_LSApplicationCategoryType = "public.app-category.shopping";
				INFOPLIST_KEY_UIApplicationSceneManifest_Generation = YES;
				INFOPLIST_KEY_UIApplicationSupportsIndirectInputEvents = YES;
				INFOPLIST_KEY_UILaunchScreen_Generation = YES;
				INFOPLIST_KEY_UILaunchStoryboardName = LaunchScreen;
				INFOPLIST_KEY_UISupportedInterfaceOrientations_iPad = "UIInterfaceOrientationPortrait UIInterfaceOrientationPortraitUpsideDown UIInterfaceOrientationLandscapeLeft UIInterfaceOrientationLandscapeRight";
				INFOPLIST_KEY_UISupportedInterfaceOrientations_iPhone = UIInterfaceOrientationPortrait;
				IPHONEOS_DEPLOYMENT_TARGET = 17.0;
				LD_RUNPATH_SEARCH_PATHS = (
					"$(inherited)",
					"@executable_path/Frameworks",
				);
				MARKETING_VERSION = 1.0;
				PRODUCT_BUNDLE_IDENTIFIER = com.boopannachai.zella;
				PRODUCT_NAME = "$(TARGET_NAME)";
				STRING_CATALOG_GENERATE_SYMBOLS = YES;
				SWIFT_APPROACHABLE_CONCURRENCY = YES;
				SWIFT_DEFAULT_ACTOR_ISOLATION = MainActor;
				SWIFT_EMIT_LOC_STRINGS = YES;
				SWIFT_UPCOMING_FEATURE_MEMBER_IMPORT_VISIBILITY = YES;
				SWIFT_VERSION = 5.0;
				TARGETED_DEVICE_FAMILY = "1,2";
			};
			name = Release;
		};
/* End XCBuildConfiguration section */

/* Begin XCConfigurationList section */
		C032C6A72EFE4C5D009A0C91 /* Build configuration list for PBXNativeTarget "ZELLATests" */ = {
			isa = XCConfigurationList;
			buildConfigurations = (
				C032C6A52EFE4C5D009A0C91 /* Debug */,
				C032C6A62EFE4C5D009A0C91 /* Release */,
			);
			defaultConfigurationIsVisible = 0;
			defaultConfigurationName = Release;
		};
		C0D167272EBB9E8600C9307F /* Build configuration list for PBXProject "ZELLA" */ = {
			isa = XCConfigurationList;
			buildConfigurations = (
				C0D167352EBB9E8900C9307F /* Debug */,
				C0D167362EBB9E8900C9307F /* Release */,
			);
			defaultConfigurationIsVisible = 0;
			defaultConfigurationName = Release;
		};
		C0D167372EBB9E8900C9307F /* Build configuration list for PBXNativeTarget "ZELLA" */ = {
			isa = XCConfigurationList;
			buildConfigurations = (
				C0D167382EBB9E8900C9307F /* Debug */,
				C0D167392EBB9E8900C9307F /* Release */,
			);
			defaultConfigurationIsVisible = 0;
			defaultConfigurationName = Release;
		};
/* End XCConfigurationList section */

/* Begin XCRemoteSwiftPackageReference section */
		C0176BD92EBCE2170082C870 /* XCRemoteSwiftPackageReference "firebase-ios-sdk" */ = {
			isa = XCRemoteSwiftPackageReference;
			repositoryURL = "https://github.com/firebase/firebase-ios-sdk";
			requirement = {
				kind = upToNextMajorVersion;
				minimumVersion = 12.5.0;
			};
		};
		C0176BE42EBCE2480082C870 /* XCRemoteSwiftPackageReference "stripe-ios" */ = {
			isa = XCRemoteSwiftPackageReference;
			repositoryURL = "https://github.com/stripe/stripe-ios";
			requirement = {
				kind = upToNextMajorVersion;
				minimumVersion = 25.0.0;
			};
		};
		C048B7B42EC380FD00A36538 /* XCRemoteSwiftPackageReference "GoogleSignIn-iOS" */ = {
			isa = XCRemoteSwiftPackageReference;
			repositoryURL = "https://github.com/google/GoogleSignIn-iOS.git";
			requirement = {
				kind = upToNextMajorVersion;
				minimumVersion = 9.0.0;
			};
		};
		C048B7D32EC637AE00A36538 /* XCRemoteSwiftPackageReference "facebook-ios-sdk" */ = {
			isa = XCRemoteSwiftPackageReference;
			repositoryURL = "https://github.com/facebook/facebook-ios-sdk";
			requirement = {
				kind = upToNextMajorVersion;
				minimumVersion = 14.1.0;
			};
		};
/* End XCRemoteSwiftPackageReference section */

/* Begin XCSwiftPackageProductDependency section */
		C0176BDA2EBCE2170082C870 /* FirebaseAuth */ = {
			isa = XCSwiftPackageProductDependency;
			package = C0176BD92EBCE2170082C870 /* XCRemoteSwiftPackageReference "firebase-ios-sdk" */;
			productName = FirebaseAuth;
		};
		C0176BDC2EBCE2170082C870 /* FirebaseFirestore */ = {
			isa = XCSwiftPackageProductDependency;
			package = C0176BD92EBCE2170082C870 /* XCRemoteSwiftPackageReference "firebase-ios-sdk" */;
			productName = FirebaseFirestore;
		};
		C0176BDE2EBCE2170082C870 /* FirebaseFunctions */ = {
			isa = XCSwiftPackageProductDependency;
			package = C0176BD92EBCE2170082C870 /* XCRemoteSwiftPackageReference "firebase-ios-sdk" */;
			productName = FirebaseFunctions;
		};
		C0176BE02EBCE2170082C870 /* FirebaseMessaging */ = {
			isa = XCSwiftPackageProductDependency;
			package = C0176BD92EBCE2170082C870 /* XCRemoteSwiftPackageReference "firebase-ios-sdk" */;
			productName = FirebaseMessaging;
		};
		C0176BE22EBCE2170082C870 /* FirebaseStorage */ = {
			isa = XCSwiftPackageProductDependency;
			package = C0176BD92EBCE2170082C870 /* XCRemoteSwiftPackageReference "firebase-ios-sdk" */;
			productName = FirebaseStorage;
		};
		C0176BE52EBCE2480082C870 /* StripePaymentSheet */ = {
			isa = XCSwiftPackageProductDependency;
			package = C0176BE42EBCE2480082C870 /* XCRemoteSwiftPackageReference "stripe-ios" */;
			productName = StripePaymentSheet;
		};
		C048B7B52EC380FD00A36538 /* GoogleSignInSwift */ = {
			isa = XCSwiftPackageProductDependency;
			package = C048B7B42EC380FD00A36538 /* XCRemoteSwiftPackageReference "GoogleSignIn-iOS" */;
			productName = GoogleSignInSwift;
		};
		C048B7D12EC62DA300A36538 /* GoogleSignIn */ = {
			isa = XCSwiftPackageProductDependency;
			package = C048B7B42EC380FD00A36538 /* XCRemoteSwiftPackageReference "GoogleSignIn-iOS" */;
			productName = GoogleSignIn;
		};
		C048B7D42EC637AE00A36538 /* FacebookCore */ = {
			isa = XCSwiftPackageProductDependency;
			package = C048B7D32EC637AE00A36538 /* XCRemoteSwiftPackageReference "facebook-ios-sdk" */;
			productName = FacebookCore;
		};
		C048B7D62EC637AE00A36538 /* FacebookLogin */ = {
			isa = XCSwiftPackageProductDependency;
			package = C048B7D32EC637AE00A36538 /* XCRemoteSwiftPackageReference "facebook-ios-sdk" */;
			productName = FacebookLogin;
		};
/* End XCSwiftPackageProductDependency section */
	};
	rootObject = C0D167242EBB9E8600C9307F /* Project object */;
}
